
Microsoft Visual Studio Solution File, Format Version 12.00
# Visual Studio Version 17
VisualStudioVersion = 17.9.34728.123
MinimumVisualStudioVersion = 10.0.40219.1
Project("{FAE04EC0-301F-11D3-BF4B-00C04F79EFBC}") = "Counter", "Counter\Counter.csproj", "{299A295B-1014-4798-AE77-3A9D2919772F}"
EndProject
Global
	GlobalSection(SolutionConfigurationPlatforms) = preSolution
		Debug|Any CPU = Debug|Any CPU
		Release|Any CPU = Release|Any CPU
	EndGlobalSection
	GlobalSection(ProjectConfigurationPlatforms) = postSolution
		{299A295B-1014-4798-AE77-3A9D2919772F}.Debug|Any CPU.ActiveCfg = Debug|Any CPU
		{299A295B-1014-4798-AE77-3A9D2919772F}.Debug|Any CPU.Build.0 = Debug|Any CPU
		{299A295B-1014-4798-AE77-3A9D2919772F}.Release|Any CPU.ActiveCfg = Release|Any CPU
		{299A295B-1014-4798-AE77-3A9D2919772F}.Release|Any CPU.Build.0 = Release|Any CPU
	EndGlobalSection
	GlobalSection(SolutionProperties) = preSolution
		HideSolutionNode = FALSE
	EndGlobalSection
	GlobalSection(ExtensibilityGlobals) = postSolution
		SolutionGuid = {D95C108B-65EE-4AD6-8397-96BA1BF03500}
	EndGlobalSection
EndGlobal
